
Microsoft Visual Studio Solution File, Format Version 12.00
# Visual Studio Version 17
VisualStudioVersion = 17.3.32929.385
MinimumVisualStudioVersion = 10.0.40219.1
Project("{FAE04EC0-301F-11D3-BF4B-00C04F79EFBC}") = "ProyectoRedus", "ProyectoRedus\ProyectoRedus.csproj", "{F67926EA-6F6C-4DC6-BA65-23A2637BA623}"
EndProject
Global
	GlobalSection(SolutionConfigurationPlatforms) = preSolution
		Debug|Any CPU = Debug|Any CPU
		Release|Any CPU = Release|Any CPU
	EndGlobalSection
	GlobalSection(ProjectConfigurationPlatforms) = postSolution
		{F67926EA-6F6C-4DC6-BA65-23A2637BA623}.Debug|Any CPU.ActiveCfg = Debug|Any CPU
		{F67926EA-6F6C-4DC6-BA65-23A2637BA623}.Debug|Any CPU.Build.0 = Debug|Any CPU
		{F67926EA-6F6C-4DC6-BA65-23A2637BA623}.Release|Any CPU.ActiveCfg = Release|Any CPU
		{F67926EA-6F6C-4DC6-BA65-23A2637BA623}.Release|Any CPU.Build.0 = Release|Any CPU
	EndGlobalSection
	GlobalSection(SolutionProperties) = preSolution
		HideSolutionNode = FALSE
	EndGlobalSection
	GlobalSection(ExtensibilityGlobals) = postSolution
		SolutionGuid = {DDB19B87-8DAA-4229-9414-4B4F6394A113}
	EndGlobalSection
EndGlobal
